PODS:
  - Flutter (1.0.0)
  - native_text_editor (0.0.1):
    - Flutter
    - WordPress-Aztec-iOS (~> 1.19.4)
    - WordPress-Editor-iOS (~> 1.19.4)
  - WordPress-Aztec-iOS (1.19.4)
  - WordPress-Editor-iOS (1.19.4):
    - WordPress-Aztec-iOS (= 1.19.4)

DEPENDENCIES:
  - Flutter (from `Flutter`)
  - native_text_editor (from `.symlinks/plugins/native_text_editor/ios`)

SPEC REPOS:
  trunk:
    - WordPress-Aztec-iOS
    - WordPress-Editor-iOS

EXTERNAL SOURCES:
  Flutter:
    :path: Flutter
  native_text_editor:
    :path: ".symlinks/plugins/native_text_editor/ios"

SPEC CHECKSUMS:
  Flutter: 434fef37c0980e73bb6479ef766c45957d4b510c
  native_text_editor: f8a5a900ae3dd5adb2f76258a5ef6d896a8f1c25
  WordPress-Aztec-iOS: 870c93297849072aadfc2223e284094e73023e82
  WordPress-Editor-iOS: 068b32d02870464ff3cb9e3172e74234e13ed88c

PODFILE CHECKSUM: 7368163408c647b7eb699d0d788ba6718e18fb8d

COCOAPODS: 1.10.1
